// !$*UTF8*$!
{
	archiveVersion = 1;
	classes = {
	};
	objectVersion = 46;
	objects = {

/* Begin PBXBuildFile section */
		F40E94231DF40BEF00FFE1B4 /* AppDelegate.swift in Sources */ = {isa = PBXBuildFile; fileRef = F40E94221DF40BEF00FFE1B4 /* AppDelegate.swift */; };
		F40E94251DF40BEF00FFE1B4 /* ViewController.swift in Sources */ = {isa = PBXBuildFile; fileRef = F40E94241DF40BEF00FFE1B4 /* ViewController.swift */; };
		F40E94281DF40BEF00FFE1B4 /* Main.storyboard in Resources */ = {isa = PBXBuildFile; fileRef = F40E94261DF40BEF00FFE1B4 /* Main.storyboard */; };
		F40E942A1DF40BEF00FFE1B4 /* Assets.xcassets in Resources */ = {isa = PBXBuildFile; fileRef = F40E94291DF40BEF00FFE1B4 /* Assets.xcassets */; };
		F41F92911E0ADB07004ED0F1 /* LaunchScreen.storyboard in Resources */ = {isa = PBXBuildFile; fileRef = F41F924F1E0ADB07004ED0F1 /* LaunchScreen.storyboard */; };
		F41F92921E0ADB07004ED0F1 /* SPIconAssest.xcassets in Resources */ = {isa = PBXBuildFile; fileRef = F41F92501E0ADB07004ED0F1 /* SPIconAssest.xcassets */; };
		F41F92931E0ADB07004ED0F1 /* SPAnimation.swift in Sources */ = {isa = PBXBuildFile; fileRef = F41F92531E0ADB07004ED0F1 /* SPAnimation.swift */; };
		F41F92941E0ADB07004ED0F1 /* SPAnimationSpring.swift in Sources */ = {isa = PBXBuildFile; fileRef = F41F92541E0ADB07004ED0F1 /* SPAnimationSpring.swift */; };
		F41F92951E0ADB07004ED0F1 /* SPAnimationUpward.swift in Sources */ = {isa = PBXBuildFile; fileRef = F41F92551E0ADB07004ED0F1 /* SPAnimationUpward.swift */; };
		F41F92961E0ADB07004ED0F1 /* SPAudioPlayer.swift in Sources */ = {isa = PBXBuildFile; fileRef = F41F92571E0ADB07004ED0F1 /* SPAudioPlayer.swift */; };
		F41F92971E0ADB07004ED0F1 /* SPUIColorExtenshion.swift in Sources */ = {isa = PBXBuildFile; fileRef = F41F92591E0ADB07004ED0F1 /* SPUIColorExtenshion.swift */; };
		F41F92981E0ADB07004ED0F1 /* SPConstraintsAssistent.swift in Sources */ = {isa = PBXBuildFile; fileRef = F41F925B1E0ADB07004ED0F1 /* SPConstraintsAssistent.swift */; };
		F41F92991E0ADB07004ED0F1 /* SPDelay.swift in Sources */ = {isa = PBXBuildFile; fileRef = F41F925D1E0ADB07004ED0F1 /* SPDelay.swift */; };
		F41F929A1E0ADB07004ED0F1 /* SPUIDeviceExtenshion.swift in Sources */ = {isa = PBXBuildFile; fileRef = F41F925F1E0ADB07004ED0F1 /* SPUIDeviceExtenshion.swift */; };
		F41F929B1E0ADB07004ED0F1 /* SPBezierPathFigure.swift in Sources */ = {isa = PBXBuildFile; fileRef = F41F92621E0ADB07004ED0F1 /* SPBezierPathFigure.swift */; };
		F41F929C1E0ADB07004ED0F1 /* SPUIImageExtenshion.swift in Sources */ = {isa = PBXBuildFile; fileRef = F41F92641E0ADB07004ED0F1 /* SPUIImageExtenshion.swift */; };
		F41F929D1E0ADB07004ED0F1 /* SPInternetConnection.swift in Sources */ = {isa = PBXBuildFile; fileRef = F41F92661E0ADB07004ED0F1 /* SPInternetConnection.swift */; };
		F41F929E1E0ADB07004ED0F1 /* SPLaunchAnimationTwitterExtenshion.swift in Sources */ = {isa = PBXBuildFile; fileRef = F41F926A1E0ADB07004ED0F1 /* SPLaunchAnimationTwitterExtenshion.swift */; };
		F41F929F1E0ADB07004ED0F1 /* SPLaunchAnimationSlideExtenshion.swift in Sources */ = {isa = PBXBuildFile; fileRef = F41F926C1E0ADB07004ED0F1 /* SPLaunchAnimationSlideExtenshion.swift */; };
		F41F92A01E0ADB07004ED0F1 /* SPLaunchAnimation.swift in Sources */ = {isa = PBXBuildFile; fileRef = F41F926D1E0ADB07004ED0F1 /* SPLaunchAnimation.swift */; };
		F41F92A11E0ADB07004ED0F1 /* SPRandom.swift in Sources */ = {isa = PBXBuildFile; fileRef = F41F926F1E0ADB07004ED0F1 /* SPRandom.swift */; };
		F41F92A21E0ADB07004ED0F1 /* SPExtenshionViewController.swift in Sources */ = {isa = PBXBuildFile; fileRef = F41F92721E0ADB07004ED0F1 /* SPExtenshionViewController.swift */; };
		F41F92A31E0ADB07004ED0F1 /* SPGradientViewController.swift in Sources */ = {isa = PBXBuildFile; fileRef = F41F92731E0ADB07004ED0F1 /* SPGradientViewController.swift */; };
		F41F92A41E0ADB07004ED0F1 /* SPPageItemsScallingViewController.swift in Sources */ = {isa = PBXBuildFile; fileRef = F41F92741E0ADB07004ED0F1 /* SPPageItemsScallingViewController.swift */; };
		F41F92A51E0ADB07004ED0F1 /* SPParalaxTableViewController.swift in Sources */ = {isa = PBXBuildFile; fileRef = F41F92751E0ADB07004ED0F1 /* SPParalaxTableViewController.swift */; };
		F41F92A61E0ADB07004ED0F1 /* SPIconsButton.swift in Sources */ = {isa = PBXBuildFile; fileRef = F41F92781E0ADB07004ED0F1 /* SPIconsButton.swift */; };
		F41F92A71E0ADB07004ED0F1 /* SPLinesCircleButtonsView.swift in Sources */ = {isa = PBXBuildFile; fileRef = F41F92791E0ADB07004ED0F1 /* SPLinesCircleButtonsView.swift */; };
		F41F92A81E0ADB07004ED0F1 /* SPRoundButton.swift in Sources */ = {isa = PBXBuildFile; fileRef = F41F927A1E0ADB07004ED0F1 /* SPRoundButton.swift */; };
		F41F92A91E0ADB07004ED0F1 /* SPSegmentControllCell.swift in Sources */ = {isa = PBXBuildFile; fileRef = F41F927C1E0ADB07004ED0F1 /* SPSegmentControllCell.swift */; };
		F41F92AA1E0ADB07004ED0F1 /* SPSegmentControlProtocol.swift in Sources */ = {isa = PBXBuildFile; fileRef = F41F927D1E0ADB07004ED0F1 /* SPSegmentControlProtocol.swift */; };
		F41F92AB1E0ADB07004ED0F1 /* SPSegmentControlStyleProtocol.swift in Sources */ = {isa = PBXBuildFile; fileRef = F41F927E1E0ADB07004ED0F1 /* SPSegmentControlStyleProtocol.swift */; };
		F41F92AC1E0ADB07004ED0F1 /* SPSegmentedControl.swift in Sources */ = {isa = PBXBuildFile; fileRef = F41F927F1E0ADB07004ED0F1 /* SPSegmentedControl.swift */; };
		F41F92AD1E0ADB07004ED0F1 /* SPCollectionViewCell.swift in Sources */ = {isa = PBXBuildFile; fileRef = F41F92831E0ADB07004ED0F1 /* SPCollectionViewCell.swift */; };
		F41F92AE1E0ADB07004ED0F1 /* SPPageItemsScalingCollectionView.swift in Sources */ = {isa = PBXBuildFile; fileRef = F41F92851E0ADB07004ED0F1 /* SPPageItemsScalingCollectionView.swift */; };
		F41F92AF1E0ADB07004ED0F1 /* SPPageItemsScalingCollectionLayout.swift in Sources */ = {isa = PBXBuildFile; fileRef = F41F92871E0ADB07004ED0F1 /* SPPageItemsScalingCollectionLayout.swift */; };
		F41F92B01E0ADB07004ED0F1 /* SPParallaxTableViewCell.swift in Sources */ = {isa = PBXBuildFile; fileRef = F41F928A1E0ADB07004ED0F1 /* SPParallaxTableViewCell.swift */; };
		F41F92B11E0ADB07004ED0F1 /* SPBlurView.swift in Sources */ = {isa = PBXBuildFile; fileRef = F41F928D1E0ADB07004ED0F1 /* SPBlurView.swift */; };
		F41F92B21E0ADB07004ED0F1 /* SPGradientView.swift in Sources */ = {isa = PBXBuildFile; fileRef = F41F928E1E0ADB07004ED0F1 /* SPGradientView.swift */; };
		F41F92B31E0ADB07004ED0F1 /* SPUILabelExtenshion.swift in Sources */ = {isa = PBXBuildFile; fileRef = F41F928F1E0ADB07004ED0F1 /* SPUILabelExtenshion.swift */; };
		F41F92B41E0ADB07004ED0F1 /* SPUIViewExtenshion.swift in Sources */ = {isa = PBXBuildFile; fileRef = F41F92901E0ADB07004ED0F1 /* SPUIViewExtenshion.swift */; };
/* End PBXBuildFile section */

/* Begin PBXFileReference section */
		F40E941F1DF40BEF00FFE1B4 /* SegmentedControl.app */ = {isa = PBXFileReference; explicitFileType = wrapper.application; includeInIndex = 0; path = SegmentedControl.app; sourceTree = BUILT_PRODUCTS_DIR; };
		F40E94221DF40BEF00FFE1B4 /* AppDelegate.swift */ = {isa = PBXFileReference; lastKnownFileType = sourcecode.swift; path = AppDelegate.swift; sourceTree = "<group>"; };
		F40E94241DF40BEF00FFE1B4 /* ViewController.swift */ = {isa = PBXFileReference; lastKnownFileType = sourcecode.swift; path = ViewController.swift; sourceTree = "<group>"; };
		F40E94271DF40BEF00FFE1B4 /* Base */ = {isa = PBXFileReference; lastKnownFileType = file.storyboard; name = Base; path = Base.lproj/Main.storyboard; sourceTree = "<group>"; };
		F40E94291DF40BEF00FFE1B4 /* Assets.xcassets */ = {isa = PBXFileReference; lastKnownFileType = folder.assetcatalog; path = Assets.xcassets; sourceTree = "<group>"; };
		F40E942E1DF40BEF00FFE1B4 /* Info.plist */ = {isa = PBXFileReference; lastKnownFileType = text.plist.xml; path = Info.plist; sourceTree = "<group>"; };
		F41F924F1E0ADB07004ED0F1 /* LaunchScreen.storyboard */ = {isa = PBXFileReference; fileEncoding = 4; lastKnownFileType = file.storyboard; path = LaunchScreen.storyboard; sourceTree = "<group>"; };
		F41F92501E0ADB07004ED0F1 /* SPIconAssest.xcassets */ = {isa = PBXFileReference; lastKnownFileType = folder.assetcatalog; path = SPIconAssest.xcassets; sourceTree = "<group>"; };
		F41F92531E0ADB07004ED0F1 /* SPAnimation.swift */ = {isa = PBXFileReference; fileEncoding = 4; lastKnownFileType = sourcecode.swift; path = SPAnimation.swift; sourceTree = "<group>"; };
		F41F92541E0ADB07004ED0F1 /* SPAnimationSpring.swift */ = {isa = PBXFileReference; fileEncoding = 4; lastKnownFileType = sourcecode.swift; path = SPAnimationSpring.swift; sourceTree = "<group>"; };
		F41F92551E0ADB07004ED0F1 /* SPAnimationUpward.swift */ = {isa = PBXFileReference; fileEncoding = 4; lastKnownFileType = sourcecode.swift; path = SPAnimationUpward.swift; sourceTree = "<group>"; };
		F41F92571E0ADB07004ED0F1 /* SPAudioPlayer.swift */ = {isa = PBXFileReference; fileEncoding = 4; lastKnownFileType = sourcecode.swift; path = SPAudioPlayer.swift; sourceTree = "<group>"; };
		F41F92591E0ADB07004ED0F1 /* SPUIColorExtenshion.swift */ = {isa = PBXFileReference; fileEncoding = 4; lastKnownFileType = sourcecode.swift; path = SPUIColorExtenshion.swift; sourceTree = "<group>"; };
		F41F925B1E0ADB07004ED0F1 /* SPConstraintsAssistent.swift */ = {isa = PBXFileReference; fileEncoding = 4; lastKnownFileType = sourcecode.swift; path = SPConstraintsAssistent.swift; sourceTree = "<group>"; };
		F41F925D1E0ADB07004ED0F1 /* SPDelay.swift */ = {isa = PBXFileReference; fileEncoding = 4; lastKnownFileType = sourcecode.swift; path = SPDelay.swift; sourceTree = "<group>"; };
		F41F925F1E0ADB07004ED0F1 /* SPUIDeviceExtenshion.swift */ = {isa = PBXFileReference; fileEncoding = 4; lastKnownFileType = sourcecode.swift; path = SPUIDeviceExtenshion.swift; sourceTree = "<group>"; };
		F41F92621E0ADB07004ED0F1 /* SPBezierPathFigure.swift */ = {isa = PBXFileReference; fileEncoding = 4; lastKnownFileType = sourcecode.swift; path = SPBezierPathFigure.swift; sourceTree = "<group>"; };
		F41F92641E0ADB07004ED0F1 /* SPUIImageExtenshion.swift */ = {isa = PBXFileReference; fileEncoding = 4; lastKnownFileType = sourcecode.swift; path = SPUIImageExtenshion.swift; sourceTree = "<group>"; };
		F41F92661E0ADB07004ED0F1 /* SPInternetConnection.swift */ = {isa = PBXFileReference; fileEncoding = 4; lastKnownFileType = sourcecode.swift; path = SPInternetConnection.swift; sourceTree = "<group>"; };
		F41F926A1E0ADB07004ED0F1 /* SPLaunchAnimationTwitterExtenshion.swift */ = {isa = PBXFileReference; fileEncoding = 4; lastKnownFileType = sourcecode.swift; path = SPLaunchAnimationTwitterExtenshion.swift; sourceTree = "<group>"; };
		F41F926C1E0ADB07004ED0F1 /* SPLaunchAnimationSlideExtenshion.swift */ = {isa = PBXFileReference; fileEncoding = 4; lastKnownFileType = sourcecode.swift; path = SPLaunchAnimationSlideExtenshion.swift; sourceTree = "<group>"; };
		F41F926D1E0ADB07004ED0F1 /* SPLaunchAnimation.swift */ = {isa = PBXFileReference; fileEncoding = 4; lastKnownFileType = sourcecode.swift; path = SPLaunchAnimation.swift; sourceTree = "<group>"; };
		F41F926F1E0ADB07004ED0F1 /* SPRandom.swift */ = {isa = PBXFileReference; fileEncoding = 4; lastKnownFileType = sourcecode.swift; path = SPRandom.swift; sourceTree = "<group>"; };
		F41F92721E0ADB07004ED0F1 /* SPExtenshionViewController.swift */ = {isa = PBXFileReference; fileEncoding = 4; lastKnownFileType = sourcecode.swift; path = SPExtenshionViewController.swift; sourceTree = "<group>"; };
		F41F92731E0ADB07004ED0F1 /* SPGradientViewController.swift */ = {isa = PBXFileReference; fileEncoding = 4; lastKnownFileType = sourcecode.swift; path = SPGradientViewController.swift; sourceTree = "<group>"; };
		F41F92741E0ADB07004ED0F1 /* SPPageItemsScallingViewController.swift */ = {isa = PBXFileReference; fileEncoding = 4; lastKnownFileType = sourcecode.swift; path = SPPageItemsScallingViewController.swift; sourceTree = "<group>"; };
		F41F92751E0ADB07004ED0F1 /* SPParalaxTableViewController.swift */ = {isa = PBXFileReference; fileEncoding = 4; lastKnownFileType = sourcecode.swift; path = SPParalaxTableViewController.swift; sourceTree = "<group>"; };
		F41F92781E0ADB07004ED0F1 /* SPIconsButton.swift */ = {isa = PBXFileReference; fileEncoding = 4; lastKnownFileType = sourcecode.swift; path = SPIconsButton.swift; sourceTree = "<group>"; };
		F41F92791E0ADB07004ED0F1 /* SPLinesCircleButtonsView.swift */ = {isa = PBXFileReference; fileEncoding = 4; lastKnownFileType = sourcecode.swift; path = SPLinesCircleButtonsView.swift; sourceTree = "<group>"; };
		F41F927A1E0ADB07004ED0F1 /* SPRoundButton.swift */ = {isa = PBXFileReference; fileEncoding = 4; lastKnownFileType = sourcecode.swift; path = SPRoundButton.swift; sourceTree = "<group>"; };
		F41F927C1E0ADB07004ED0F1 /* SPSegmentControllCell.swift */ = {isa = PBXFileReference; fileEncoding = 4; lastKnownFileType = sourcecode.swift; path = SPSegmentControllCell.swift; sourceTree = "<group>"; };
		F41F927D1E0ADB07004ED0F1 /* SPSegmentControlProtocol.swift */ = {isa = PBXFileReference; fileEncoding = 4; lastKnownFileType = sourcecode.swift; path = SPSegmentControlProtocol.swift; sourceTree = "<group>"; };
		F41F927E1E0ADB07004ED0F1 /* SPSegmentControlStyleProtocol.swift */ = {isa = PBXFileReference; fileEncoding = 4; lastKnownFileType = sourcecode.swift; path = SPSegmentControlStyleProtocol.swift; sourceTree = "<group>"; };
		F41F927F1E0ADB07004ED0F1 /* SPSegmentedControl.swift */ = {isa = PBXFileReference; fileEncoding = 4; lastKnownFileType = sourcecode.swift; path = SPSegmentedControl.swift; sourceTree = "<group>"; };
		F41F92831E0ADB07004ED0F1 /* SPCollectionViewCell.swift */ = {isa = PBXFileReference; fileEncoding = 4; lastKnownFileType = sourcecode.swift; path = SPCollectionViewCell.swift; sourceTree = "<group>"; };
		F41F92851E0ADB07004ED0F1 /* SPPageItemsScalingCollectionView.swift */ = {isa = PBXFileReference; fileEncoding = 4; lastKnownFileType = sourcecode.swift; path = SPPageItemsScalingCollectionView.swift; sourceTree = "<group>"; };
		F41F92871E0ADB07004ED0F1 /* SPPageItemsScalingCollectionLayout.swift */ = {isa = PBXFileReference; fileEncoding = 4; lastKnownFileType = sourcecode.swift; path = SPPageItemsScalingCollectionLayout.swift; sourceTree = "<group>"; };
		F41F928A1E0ADB07004ED0F1 /* SPParallaxTableViewCell.swift */ = {isa = PBXFileReference; fileEncoding = 4; lastKnownFileType = sourcecode.swift; path = SPParallaxTableViewCell.swift; sourceTree = "<group>"; };
		F41F928D1E0ADB07004ED0F1 /* SPBlurView.swift */ = {isa = PBXFileReference; fileEncoding = 4; lastKnownFileType = sourcecode.swift; path = SPBlurView.swift; sourceTree = "<group>"; };
		F41F928E1E0ADB07004ED0F1 /* SPGradientView.swift */ = {isa = PBXFileReference; fileEncoding = 4; lastKnownFileType = sourcecode.swift; path = SPGradientView.swift; sourceTree = "<group>"; };
		F41F928F1E0ADB07004ED0F1 /* SPUILabelExtenshion.swift */ = {isa = PBXFileReference; fileEncoding = 4; lastKnownFileType = sourcecode.swift; path = SPUILabelExtenshion.swift; sourceTree = "<group>"; };
		F41F92901E0ADB07004ED0F1 /* SPUIViewExtenshion.swift */ = {isa = PBXFileReference; fileEncoding = 4; lastKnownFileType = sourcecode.swift; path = SPUIViewExtenshion.swift; sourceTree = "<group>"; };
/* End PBXFileReference section */

/* Begin PBXFrameworksBuildPhase section */
		F40E941C1DF40BEF00FFE1B4 /* Frameworks */ = {
			isa = PBXFrameworksBuildPhase;
			buildActionMask = 2147483647;
			files = (
			);
			runOnlyForDeploymentPostprocessing = 0;
		};
/* End PBXFrameworksBuildPhase section */

/* Begin PBXGroup section */
		F40E94161DF40BEF00FFE1B4 = {
			isa = PBXGroup;
			children = (
				F40E94211DF40BEF00FFE1B4 /* SegmentedControl */,
				F40E94201DF40BEF00FFE1B4 /* Products */,
			);
			sourceTree = "<group>";
		};
		F40E94201DF40BEF00FFE1B4 /* Products */ = {
			isa = PBXGroup;
			children = (
				F40E941F1DF40BEF00FFE1B4 /* SegmentedControl.app */,
			);
			name = Products;
			sourceTree = "<group>";
		};
		F40E94211DF40BEF00FFE1B4 /* SegmentedControl */ = {
			isa = PBXGroup;
			children = (
				F41F924E1E0ADB07004ED0F1 /* github-assest */,
				F41F92511E0ADB07004ED0F1 /* Sparrow */,
				F40E94221DF40BEF00FFE1B4 /* AppDelegate.swift */,
				F40E94241DF40BEF00FFE1B4 /* ViewController.swift */,
				F40E94261DF40BEF00FFE1B4 /* Main.storyboard */,
				F40E94291DF40BEF00FFE1B4 /* Assets.xcassets */,
				F40E942E1DF40BEF00FFE1B4 /* Info.plist */,
			);
			path = SegmentedControl;
			sourceTree = "<group>";
		};
		F41F924E1E0ADB07004ED0F1 /* github-assest */ = {
			isa = PBXGroup;
			children = (
				F41F924F1E0ADB07004ED0F1 /* LaunchScreen.storyboard */,
				F41F92501E0ADB07004ED0F1 /* SPIconAssest.xcassets */,
			);
			path = "github-assest";
			sourceTree = "<group>";
		};
		F41F92511E0ADB07004ED0F1 /* Sparrow */ = {
			isa = PBXGroup;
			children = (
				F41F92521E0ADB07004ED0F1 /* Animation */,
				F41F92561E0ADB07004ED0F1 /* Audio */,
				F41F92581E0ADB07004ED0F1 /* Color */,
				F41F925A1E0ADB07004ED0F1 /* Constraints */,
				F41F925C1E0ADB07004ED0F1 /* Delay */,
				F41F925E1E0ADB07004ED0F1 /* Device */,
				F41F92601E0ADB07004ED0F1 /* Figure */,
				F41F92631E0ADB07004ED0F1 /* Image */,
				F41F92651E0ADB07004ED0F1 /* InternetConnection */,
				F41F92671E0ADB07004ED0F1 /* Launch */,
				F41F926E1E0ADB07004ED0F1 /* Random */,
				F41F92701E0ADB07004ED0F1 /* UI */,
			);
			path = Sparrow;
			sourceTree = "<group>";
		};
		F41F92521E0ADB07004ED0F1 /* Animation */ = {
			isa = PBXGroup;
			children = (
				F41F92531E0ADB07004ED0F1 /* SPAnimation.swift */,
				F41F92541E0ADB07004ED0F1 /* SPAnimationSpring.swift */,
				F41F92551E0ADB07004ED0F1 /* SPAnimationUpward.swift */,
			);
			path = Animation;
			sourceTree = "<group>";
		};
		F41F92561E0ADB07004ED0F1 /* Audio */ = {
			isa = PBXGroup;
			children = (
				F41F92571E0ADB07004ED0F1 /* SPAudioPlayer.swift */,
			);
			path = Audio;
			sourceTree = "<group>";
		};
		F41F92581E0ADB07004ED0F1 /* Color */ = {
			isa = PBXGroup;
			children = (
				F41F92591E0ADB07004ED0F1 /* SPUIColorExtenshion.swift */,
			);
			path = Color;
			sourceTree = "<group>";
		};
		F41F925A1E0ADB07004ED0F1 /* Constraints */ = {
			isa = PBXGroup;
			children = (
				F41F925B1E0ADB07004ED0F1 /* SPConstraintsAssistent.swift */,
			);
			path = Constraints;
			sourceTree = "<group>";
		};
		F41F925C1E0ADB07004ED0F1 /* Delay */ = {
			isa = PBXGroup;
			children = (
				F41F925D1E0ADB07004ED0F1 /* SPDelay.swift */,
			);
			path = Delay;
			sourceTree = "<group>";
		};
		F41F925E1E0ADB07004ED0F1 /* Device */ = {
			isa = PBXGroup;
			children = (
				F41F925F1E0ADB07004ED0F1 /* SPUIDeviceExtenshion.swift */,
			);
			path = Device;
			sourceTree = "<group>";
		};
		F41F92601E0ADB07004ED0F1 /* Figure */ = {
			isa = PBXGroup;
			children = (
				F41F92611E0ADB07004ED0F1 /* BezierPathFigure */,
			);
			path = Figure;
			sourceTree = "<group>";
		};
		F41F92611E0ADB07004ED0F1 /* BezierPathFigure */ = {
			isa = PBXGroup;
			children = (
				F41F92621E0ADB07004ED0F1 /* SPBezierPathFigure.swift */,
			);
			path = BezierPathFigure;
			sourceTree = "<group>";
		};
		F41F92631E0ADB07004ED0F1 /* Image */ = {
			isa = PBXGroup;
			children = (
				F41F92641E0ADB07004ED0F1 /* SPUIImageExtenshion.swift */,
			);
			path = Image;
			sourceTree = "<group>";
		};
		F41F92651E0ADB07004ED0F1 /* InternetConnection */ = {
			isa = PBXGroup;
			children = (
				F41F92661E0ADB07004ED0F1 /* SPInternetConnection.swift */,
			);
			path = InternetConnection;
			sourceTree = "<group>";
		};
		F41F92671E0ADB07004ED0F1 /* Launch */ = {
			isa = PBXGroup;
			children = (
				F41F92681E0ADB07004ED0F1 /* Animation */,
			);
			path = Launch;
			sourceTree = "<group>";
		};
		F41F92681E0ADB07004ED0F1 /* Animation */ = {
			isa = PBXGroup;
			children = (
				F41F92691E0ADB07004ED0F1 /* asTwitter */,
				F41F926B1E0ADB07004ED0F1 /* Slide */,
				F41F926D1E0ADB07004ED0F1 /* SPLaunchAnimation.swift */,
			);
			path = Animation;
			sourceTree = "<group>";
		};
		F41F92691E0ADB07004ED0F1 /* asTwitter */ = {
			isa = PBXGroup;
			children = (
				F41F926A1E0ADB07004ED0F1 /* SPLaunchAnimationTwitterExtenshion.swift */,
			);
			path = asTwitter;
			sourceTree = "<group>";
		};
		F41F926B1E0ADB07004ED0F1 /* Slide */ = {
			isa = PBXGroup;
			children = (
				F41F926C1E0ADB07004ED0F1 /* SPLaunchAnimationSlideExtenshion.swift */,
			);
			path = Slide;
			sourceTree = "<group>";
		};
		F41F926E1E0ADB07004ED0F1 /* Random */ = {
			isa = PBXGroup;
			children = (
				F41F926F1E0ADB07004ED0F1 /* SPRandom.swift */,
			);
			path = Random;
			sourceTree = "<group>";
		};
		F41F92701E0ADB07004ED0F1 /* UI */ = {
			isa = PBXGroup;
			children = (
				F41F92711E0ADB07004ED0F1 /* Controllers */,
				F41F92761E0ADB07004ED0F1 /* Controls */,
				F41F92801E0ADB07004ED0F1 /* Views */,
			);
			path = UI;
			sourceTree = "<group>";
		};
		F41F92711E0ADB07004ED0F1 /* Controllers */ = {
			isa = PBXGroup;
			children = (
				F41F92721E0ADB07004ED0F1 /* SPExtenshionViewController.swift */,
				F41F92731E0ADB07004ED0F1 /* SPGradientViewController.swift */,
				F41F92741E0ADB07004ED0F1 /* SPPageItemsScallingViewController.swift */,
				F41F92751E0ADB07004ED0F1 /* SPParalaxTableViewController.swift */,
			);
			path = Controllers;
			sourceTree = "<group>";
		};
		F41F92761E0ADB07004ED0F1 /* Controls */ = {
			isa = PBXGroup;
			children = (
				F41F92771E0ADB07004ED0F1 /* Buttons */,
				F41F927B1E0ADB07004ED0F1 /* SegmentedControl */,
			);
			path = Controls;
			sourceTree = "<group>";
		};
		F41F92771E0ADB07004ED0F1 /* Buttons */ = {
			isa = PBXGroup;
			children = (
				F41F92781E0ADB07004ED0F1 /* SPIconsButton.swift */,
				F41F92791E0ADB07004ED0F1 /* SPLinesCircleButtonsView.swift */,
				F41F927A1E0ADB07004ED0F1 /* SPRoundButton.swift */,
			);
			path = Buttons;
			sourceTree = "<group>";
		};
		F41F927B1E0ADB07004ED0F1 /* SegmentedControl */ = {
			isa = PBXGroup;
			children = (
				F41F927C1E0ADB07004ED0F1 /* SPSegmentControllCell.swift */,
				F41F927D1E0ADB07004ED0F1 /* SPSegmentControlProtocol.swift */,
				F41F927E1E0ADB07004ED0F1 /* SPSegmentControlStyleProtocol.swift */,
				F41F927F1E0ADB07004ED0F1 /* SPSegmentedControl.swift */,
			);
			path = SegmentedControl;
			sourceTree = "<group>";
		};
		F41F92801E0ADB07004ED0F1 /* Views */ = {
			isa = PBXGroup;
			children = (
				F41F92811E0ADB07004ED0F1 /* CollectionViews */,
				F41F92881E0ADB07004ED0F1 /* TableViews */,
				F41F928C1E0ADB07004ED0F1 /* Views */,
			);
			path = Views;
			sourceTree = "<group>";
		};
		F41F92811E0ADB07004ED0F1 /* CollectionViews */ = {
			isa = PBXGroup;
			children = (
				F41F92821E0ADB07004ED0F1 /* Cells */,
				F41F92841E0ADB07004ED0F1 /* CollectionViews */,
				F41F92861E0ADB07004ED0F1 /* Layouts */,
			);
			path = CollectionViews;
			sourceTree = "<group>";
		};
		F41F92821E0ADB07004ED0F1 /* Cells */ = {
			isa = PBXGroup;
			children = (
				F41F92831E0ADB07004ED0F1 /* SPCollectionViewCell.swift */,
			);
			path = Cells;
			sourceTree = "<group>";
		};
		F41F92841E0ADB07004ED0F1 /* CollectionViews */ = {
			isa = PBXGroup;
			children = (
				F41F92851E0ADB07004ED0F1 /* SPPageItemsScalingCollectionView.swift */,
			);
			path = CollectionViews;
			sourceTree = "<group>";
		};
		F41F92861E0ADB07004ED0F1 /* Layouts */ = {
			isa = PBXGroup;
			children = (
				F41F92871E0ADB07004ED0F1 /* SPPageItemsScalingCollectionLayout.swift */,
			);
			path = Layouts;
			sourceTree = "<group>";
		};
		F41F92881E0ADB07004ED0F1 /* TableViews */ = {
			isa = PBXGroup;
			children = (
				F41F92891E0ADB07004ED0F1 /* Cell */,
				F41F928B1E0ADB07004ED0F1 /* TableViews */,
			);
			path = TableViews;
			sourceTree = "<group>";
		};
		F41F92891E0ADB07004ED0F1 /* Cell */ = {
			isa = PBXGroup;
			children = (
				F41F928A1E0ADB07004ED0F1 /* SPParallaxTableViewCell.swift */,
			);
			path = Cell;
			sourceTree = "<group>";
		};
		F41F928B1E0ADB07004ED0F1 /* TableViews */ = {
			isa = PBXGroup;
			children = (
			);
			path = TableViews;
			sourceTree = "<group>";
		};
		F41F928C1E0ADB07004ED0F1 /* Views */ = {
			isa = PBXGroup;
			children = (
				F41F928D1E0ADB07004ED0F1 /* SPBlurView.swift */,
				F41F928E1E0ADB07004ED0F1 /* SPGradientView.swift */,
				F41F928F1E0ADB07004ED0F1 /* SPUILabelExtenshion.swift */,
				F41F92901E0ADB07004ED0F1 /* SPUIViewExtenshion.swift */,
			);
			path = Views;
			sourceTree = "<group>";
		};
/* End PBXGroup section */

/* Begin PBXNativeTarget section */
		F40E941E1DF40BEF00FFE1B4 /* SegmentedControl */ = {
			isa = PBXNativeTarget;
			buildConfigurationList = F40E94311DF40BEF00FFE1B4 /* Build configuration list for PBXNativeTarget "SegmentedControl" */;
			buildPhases = (
				F40E941B1DF40BEF00FFE1B4 /* Sources */,
				F40E941C1DF40BEF00FFE1B4 /* Frameworks */,
				F40E941D1DF40BEF00FFE1B4 /* Resources */,
			);
			buildRules = (
			);
			dependencies = (
			);
			name = SegmentedControl;
			productName = SegmentedControl;
			productReference = F40E941F1DF40BEF00FFE1B4 /* SegmentedControl.app */;
			productType = "com.apple.product-type.application";
		};
/* End PBXNativeTarget section */

/* Begin PBXProject section */
		F40E94171DF40BEF00FFE1B4 /* Project object */ = {
			isa = PBXProject;
			attributes = {
				LastSwiftUpdateCheck = 0810;
				LastUpgradeCheck = 0810;
				ORGANIZATIONNAME = "Ivan Vorobei";
				TargetAttributes = {
					F40E941E1DF40BEF00FFE1B4 = {
						CreatedOnToolsVersion = 8.1;
						DevelopmentTeam = MNM2TM9G7C;
						ProvisioningStyle = Automatic;
					};
				};
			};
			buildConfigurationList = F40E941A1DF40BEF00FFE1B4 /* Build configuration list for PBXProject "SegmentedControl" */;
			compatibilityVersion = "Xcode 3.2";
			developmentRegion = English;
			hasScannedForEncodings = 0;
			knownRegions = (
				en,
				Base,
			);
			mainGroup = F40E94161DF40BEF00FFE1B4;
			productRefGroup = F40E94201DF40BEF00FFE1B4 /* Products */;
			projectDirPath = "";
			projectRoot = "";
			targets = (
				F40E941E1DF40BEF00FFE1B4 /* SegmentedControl */,
			);
		};
/* End PBXProject section */

/* Begin PBXResourcesBuildPhase section */
		F40E941D1DF40BEF00FFE1B4 /* Resources */ = {
			isa = PBXResourcesBuildPhase;
			buildActionMask = 2147483647;
			files = (
				F41F92911E0ADB07004ED0F1 /* LaunchScreen.storyboard in Resources */,
				F40E942A1DF40BEF00FFE1B4 /* Assets.xcassets in Resources */,
				F41F92921E0ADB07004ED0F1 /* SPIconAssest.xcassets in Resources */,
				F40E94281DF40BEF00FFE1B4 /* Main.storyboard in Resources */,
			);
			runOnlyForDeploymentPostprocessing = 0;
		};
/* End PBXResourcesBuildPhase section */

/* Begin PBXSourcesBuildPhase section */
		F40E941B1DF40BEF00FFE1B4 /* Sources */ = {
			isa = PBXSourcesBuildPhase;
			buildActionMask = 2147483647;
			files = (
				F41F92B11E0ADB07004ED0F1 /* SPBlurView.swift in Sources */,
				F41F92AA1E0ADB07004ED0F1 /* SPSegmentControlProtocol.swift in Sources */,
				F41F92A01E0ADB07004ED0F1 /* SPLaunchAnimation.swift in Sources */,
				F41F92981E0ADB07004ED0F1 /* SPConstraintsAssistent.swift in Sources */,
				F41F92AC1E0ADB07004ED0F1 /* SPSegmentedControl.swift in Sources */,
				F41F929C1E0ADB07004ED0F1 /* SPUIImageExtenshion.swift in Sources */,
				F41F929F1E0ADB07004ED0F1 /* SPLaunchAnimationSlideExtenshion.swift in Sources */,
				F41F92A51E0ADB07004ED0F1 /* SPParalaxTableViewController.swift in Sources */,
				F41F92A31E0ADB07004ED0F1 /* SPGradientViewController.swift in Sources */,
				F41F92A21E0ADB07004ED0F1 /* SPExtenshionViewController.swift in Sources */,
				F41F92AD1E0ADB07004ED0F1 /* SPCollectionViewCell.swift in Sources */,
				F41F929D1E0ADB07004ED0F1 /* SPInternetConnection.swift in Sources */,
				F41F92A11E0ADB07004ED0F1 /* SPRandom.swift in Sources */,
				F41F92A41E0ADB07004ED0F1 /* SPPageItemsScallingViewController.swift in Sources */,
				F41F92AE1E0ADB07004ED0F1 /* SPPageItemsScalingCollectionView.swift in Sources */,
				F41F92941E0ADB07004ED0F1 /* SPAnimationSpring.swift in Sources */,
				F41F929B1E0ADB07004ED0F1 /* SPBezierPathFigure.swift in Sources */,
				F41F92991E0ADB07004ED0F1 /* SPDelay.swift in Sources */,
				F41F92951E0ADB07004ED0F1 /* SPAnimationUpward.swift in Sources */,
				F41F92AF1E0ADB07004ED0F1 /* SPPageItemsScalingCollectionLayout.swift in Sources */,
				F41F92B41E0ADB07004ED0F1 /* SPUIViewExtenshion.swift in Sources */,
				F41F92B01E0ADB07004ED0F1 /* SPParallaxTableViewCell.swift in Sources */,
				F41F92961E0ADB07004ED0F1 /* SPAudioPlayer.swift in Sources */,
				F40E94251DF40BEF00FFE1B4 /* ViewController.swift in Sources */,
				F40E94231DF40BEF00FFE1B4 /* AppDelegate.swift in Sources */,
				F41F92A71E0ADB07004ED0F1 /* SPLinesCircleButtonsView.swift in Sources */,
				F41F92A91E0ADB07004ED0F1 /* SPSegmentControllCell.swift in Sources */,
				F41F92971E0ADB07004ED0F1 /* SPUIColorExtenshion.swift in Sources */,
				F41F929E1E0ADB07004ED0F1 /* SPLaunchAnimationTwitterExtenshion.swift in Sources */,
				F41F92A61E0ADB07004ED0F1 /* SPIconsButton.swift in Sources */,
				F41F92A81E0ADB07004ED0F1 /* SPRoundButton.swift in Sources */,
				F41F92AB1E0ADB07004ED0F1 /* SPSegmentControlStyleProtocol.swift in Sources */,
				F41F92931E0ADB07004ED0F1 /* SPAnimation.swift in Sources */,
				F41F929A1E0ADB07004ED0F1 /* SPUIDeviceExtenshion.swift in Sources */,
				F41F92B21E0ADB07004ED0F1 /* SPGradientView.swift in Sources */,
				F41F92B31E0ADB07004ED0F1 /* SPUILabelExtenshion.swift in Sources */,
			);
			runOnlyForDeploymentPostprocessing = 0;
		};
/* End PBXSourcesBuildPhase section */

/* Begin PBXVariantGroup section */
		F40E94261DF40BEF00FFE1B4 /* Main.storyboard */ = {
			isa = PBXVariantGroup;
			children = (
				F40E94271DF40BEF00FFE1B4 /* Base */,
			);
			name = Main.storyboard;
			sourceTree = "<group>";
		};
/* End PBXVariantGroup section */

/* Begin XCBuildConfiguration section */
		F40E942F1DF40BEF00FFE1B4 /* Debug */ = {
			isa = XCBuildConfiguration;
			buildSettings = {
				ALWAYS_SEARCH_USER_PATHS = NO;
				CLANG_ANALYZER_NONNULL = YES;
				CLANG_CXX_LANGUAGE_STANDARD = "gnu++0x";
				CLANG_CXX_LIBRARY = "libc++";
				CLANG_ENABLE_MODULES = YES;
				CLANG_ENABLE_OBJC_ARC = YES;
				CLANG_WARN_BOOL_CONVERSION = YES;
				CLANG_WARN_CONSTANT_CONVERSION = YES;
				CLANG_WARN_DIRECT_OBJC_ISA_USAGE = YES_ERROR;
				CLANG_WARN_DOCUMENTATION_COMMENTS = YES;
				CLANG_WARN_EMPTY_BODY = YES;
				CLANG_WARN_ENUM_CONVERSION = YES;
				CLANG_WARN_INFINITE_RECURSION = YES;
				CLANG_WARN_INT_CONVERSION = YES;
				CLANG_WARN_OBJC_ROOT_CLASS = YES_ERROR;
				CLANG_WARN_SUSPICIOUS_MOVES = YES;
				CLANG_WARN_UNREACHABLE_CODE = YES;
				CLANG_WARN__DUPLICATE_METHOD_MATCH = YES;
				"CODE_SIGN_IDENTITY[sdk=iphoneos*]" = "iPhone Developer";
				COPY_PHASE_STRIP = NO;
				DEBUG_INFORMATION_FORMAT = dwarf;
				ENABLE_STRICT_OBJC_MSGSEND = YES;
				ENABLE_TESTABILITY = YES;
				GCC_C_LANGUAGE_STANDARD = gnu99;
				GCC_DYNAMIC_NO_PIC = NO;
				GCC_NO_COMMON_BLOCKS = YES;
				GCC_OPTIMIZATION_LEVEL = 0;
				GCC_PREPROCESSOR_DEFINITIONS = (
					"DEBUG=1",
					"$(inherited)",
				);
				GCC_WARN_64_TO_32_BIT_CONVERSION = YES;
				GCC_WARN_ABOUT_RETURN_TYPE = YES_ERROR;
				GCC_WARN_UNDECLARED_SELECTOR = YES;
				GCC_WARN_UNINITIALIZED_AUTOS = YES_AGGRESSIVE;
				GCC_WARN_UNUSED_FUNCTION = YES;
				GCC_WARN_UNUSED_VARIABLE = YES;
				IPHONEOS_DEPLOYMENT_TARGET = 10.1;
				MTL_ENABLE_DEBUG_INFO = YES;
				ONLY_ACTIVE_ARCH = YES;
				SDKROOT = iphoneos;
				SWIFT_ACTIVE_COMPILATION_CONDITIONS = DEBUG;
				SWIFT_OPTIMIZATION_LEVEL = "-Onone";
				TARGETED_DEVICE_FAMILY = "1,2";
			};
			name = Debug;
		};
		F40E94301DF40BEF00FFE1B4 /* Release */ = {
			isa = XCBuildConfiguration;
			buildSettings = {
				ALWAYS_SEARCH_USER_PATHS = NO;
				CLANG_ANALYZER_NONNULL = YES;
				CLANG_CXX_LANGUAGE_STANDARD = "gnu++0x";
				CLANG_CXX_LIBRARY = "libc++";
				CLANG_ENABLE_MODULES = YES;
				CLANG_ENABLE_OBJC_ARC = YES;
				CLANG_WARN_BOOL_CONVERSION = YES;
				CLANG_WARN_CONSTANT_CONVERSION = YES;
				CLANG_WARN_DIRECT_OBJC_ISA_USAGE = YES_ERROR;
				CLANG_WARN_DOCUMENTATION_COMMENTS = YES;
				CLANG_WARN_EMPTY_BODY = YES;
				CLANG_WARN_ENUM_CONVERSION = YES;
				CLANG_WARN_INFINITE_RECURSION = YES;
				CLANG_WARN_INT_CONVERSION = YES;
				CLANG_WARN_OBJC_ROOT_CLASS = YES_ERROR;
				CLANG_WARN_SUSPICIOUS_MOVES = YES;
				CLANG_WARN_UNREACHABLE_CODE = YES;
				CLANG_WARN__DUPLICATE_METHOD_MATCH = YES;
				"CODE_SIGN_IDENTITY[sdk=iphoneos*]" = "iPhone Developer";
				COPY_PHASE_STRIP = NO;
				DEBUG_INFORMATION_FORMAT = "dwarf-with-dsym";
				ENABLE_NS_ASSERTIONS = NO;
				ENABLE_STRICT_OBJC_MSGSEND = YES;
				GCC_C_LANGUAGE_STANDARD = gnu99;
				GCC_NO_COMMON_BLOCKS = YES;
				GCC_WARN_64_TO_32_BIT_CONVERSION = YES;
				GCC_WARN_ABOUT_RETURN_TYPE = YES_ERROR;
				GCC_WARN_UNDECLARED_SELECTOR = YES;
				GCC_WARN_UNINITIALIZED_AUTOS = YES_AGGRESSIVE;
				GCC_WARN_UNUSED_FUNCTION = YES;
				GCC_WARN_UNUSED_VARIABLE = YES;
				IPHONEOS_DEPLOYMENT_TARGET = 10.1;
				MTL_ENABLE_DEBUG_INFO = NO;
				SDKROOT = iphoneos;
				SWIFT_OPTIMIZATION_LEVEL = "-Owholemodule";
				TARGETED_DEVICE_FAMILY = "1,2";
				VALIDATE_PRODUCT = YES;
			};
			name = Release;
		};
		F40E94321DF40BEF00FFE1B4 /* Debug */ = {
			isa = XCBuildConfiguration;
			buildSettings = {
				ASSETCATALOG_COMPILER_APPICON_NAME = SPAppIcon;
				DEVELOPMENT_TEAM = MNM2TM9G7C;
				INFOPLIST_FILE = SegmentedControl/Info.plist;
				LD_RUNPATH_SEARCH_PATHS = "$(inherited) @executable_path/Frameworks";
				PRODUCT_BUNDLE_IDENTIFIER = by.ivanvorobei.SegmentedControl;
				PRODUCT_NAME = "$(TARGET_NAME)";
				SWIFT_VERSION = 3.0;
			};
			name = Debug;
		};
		F40E94331DF40BEF00FFE1B4 /* Release */ = {
			isa = XCBuildConfiguration;
			buildSettings = {
				ASSETCATALOG_COMPILER_APPICON_NAME = SPAppIcon;
				DEVELOPMENT_TEAM = MNM2TM9G7C;
				INFOPLIST_FILE = SegmentedControl/Info.plist;
				LD_RUNPATH_SEARCH_PATHS = "$(inherited) @executable_path/Frameworks";
				PRODUCT_BUNDLE_IDENTIFIER = by.ivanvorobei.SegmentedControl;
				PRODUCT_NAME = "$(TARGET_NAME)";
				SWIFT_VERSION = 3.0;
			};
			name = Release;
		};
/* End XCBuildConfiguration section */

/* Begin XCConfigurationList section */
		F40E941A1DF40BEF00FFE1B4 /* Build configuration list for PBXProject "SegmentedControl" */ = {
			isa = XCConfigurationList;
			buildConfigurations = (
				F40E942F1DF40BEF00FFE1B4 /* Debug */,
				F40E94301DF40BEF00FFE1B4 /* Release */,
			);
			defaultConfigurationIsVisible = 0;
			defaultConfigurationName = Release;
		};
		F40E94311DF40BEF00FFE1B4 /* Build configuration list for PBXNativeTarget "SegmentedControl" */ = {
			isa = XCConfigurationList;
			buildConfigurations = (
				F40E94321DF40BEF00FFE1B4 /* Debug */,
				F40E94331DF40BEF00FFE1B4 /* Release */,
			);
			defaultConfigurationIsVisible = 0;
			defaultConfigurationName = Release;
		};
/* End XCConfigurationList section */
	};
	rootObject = F40E94171DF40BEF00FFE1B4 /* Project object */;
}
