// !$*UTF8*$!
{
	archiveVersion = 1;
	classes = {
	};
	objectVersion = 46;
	objects = {

/* Begin PBXBuildFile section */
		F40E94231DF40BEF00FFE1B4 /* AppDelegate.swift in Sources */ = {isa = PBXBuildFile; fileRef = F40E94221DF40BEF00FFE1B4 /* AppDelegate.swift */; };
		F40E94251DF40BEF00FFE1B4 /* ViewController.swift in Sources */ = {isa = PBXBuildFile; fileRef = F40E94241DF40BEF00FFE1B4 /* ViewController.swift */; };
		F40E94281DF40BEF00FFE1B4 /* Main.storyboard in Resources */ = {isa = PBXBuildFile; fileRef = F40E94261DF40BEF00FFE1B4 /* Main.storyboard */; };
		F40E942A1DF40BEF00FFE1B4 /* Assets.xcassets in Resources */ = {isa = PBXBuildFile; fileRef = F40E94291DF40BEF00FFE1B4 /* Assets.xcassets */; };
		F40E942D1DF40BEF00FFE1B4 /* LaunchScreen.storyboard in Resources */ = {isa = PBXBuildFile; fileRef = F40E942B1DF40BEF00FFE1B4 /* LaunchScreen.storyboard */; };
		F40E94781DF40C2400FFE1B4 /* SPAnimation.swift in Sources */ = {isa = PBXBuildFile; fileRef = F40E94371DF40C2300FFE1B4 /* SPAnimation.swift */; };
		F40E94791DF40C2400FFE1B4 /* SPAnimationSpring.swift in Sources */ = {isa = PBXBuildFile; fileRef = F40E94381DF40C2300FFE1B4 /* SPAnimationSpring.swift */; };
		F40E947A1DF40C2400FFE1B4 /* SPAnimationUpward.swift in Sources */ = {isa = PBXBuildFile; fileRef = F40E94391DF40C2300FFE1B4 /* SPAnimationUpward.swift */; };
		F40E947B1DF40C2400FFE1B4 /* SPAudioPlayer.swift in Sources */ = {isa = PBXBuildFile; fileRef = F40E943B1DF40C2300FFE1B4 /* SPAudioPlayer.swift */; };
		F40E947C1DF40C2400FFE1B4 /* SPUIColorExtenshion.swift in Sources */ = {isa = PBXBuildFile; fileRef = F40E943D1DF40C2300FFE1B4 /* SPUIColorExtenshion.swift */; };
		F40E947D1DF40C2400FFE1B4 /* SPConstraintsAssistent.swift in Sources */ = {isa = PBXBuildFile; fileRef = F40E943F1DF40C2300FFE1B4 /* SPConstraintsAssistent.swift */; };
		F40E947E1DF40C2400FFE1B4 /* SPDelay.swift in Sources */ = {isa = PBXBuildFile; fileRef = F40E94411DF40C2300FFE1B4 /* SPDelay.swift */; };
		F40E947F1DF40C2400FFE1B4 /* SPUIDeviceExtenshion.swift in Sources */ = {isa = PBXBuildFile; fileRef = F40E94431DF40C2300FFE1B4 /* SPUIDeviceExtenshion.swift */; };
		F40E94801DF40C2400FFE1B4 /* SPBezierPathFigure.swift in Sources */ = {isa = PBXBuildFile; fileRef = F40E94461DF40C2300FFE1B4 /* SPBezierPathFigure.swift */; };
		F40E94811DF40C2400FFE1B4 /* SPUIImageExtenshion.swift in Sources */ = {isa = PBXBuildFile; fileRef = F40E94481DF40C2300FFE1B4 /* SPUIImageExtenshion.swift */; };
		F40E94821DF40C2400FFE1B4 /* SPUIImageViewExtenshion.swift in Sources */ = {isa = PBXBuildFile; fileRef = F40E94491DF40C2300FFE1B4 /* SPUIImageViewExtenshion.swift */; };
		F40E94831DF40C2400FFE1B4 /* SPInternetConnection.swift in Sources */ = {isa = PBXBuildFile; fileRef = F40E944B1DF40C2300FFE1B4 /* SPInternetConnection.swift */; };
		F40E94841DF40C2400FFE1B4 /* SPLaunchAnimationTwitterExtenshion.swift in Sources */ = {isa = PBXBuildFile; fileRef = F40E944F1DF40C2400FFE1B4 /* SPLaunchAnimationTwitterExtenshion.swift */; };
		F40E94851DF40C2400FFE1B4 /* TwitterLaunchScreen.storyboard in Resources */ = {isa = PBXBuildFile; fileRef = F40E94501DF40C2400FFE1B4 /* TwitterLaunchScreen.storyboard */; };
		F40E94861DF40C2400FFE1B4 /* TwitterMedia.xcassets in Resources */ = {isa = PBXBuildFile; fileRef = F40E94511DF40C2400FFE1B4 /* TwitterMedia.xcassets */; };
		F40E94871DF40C2400FFE1B4 /* SPLaunchAnimationSlideExtenshion.swift in Sources */ = {isa = PBXBuildFile; fileRef = F40E94531DF40C2400FFE1B4 /* SPLaunchAnimationSlideExtenshion.swift */; };
		F40E94881DF40C2400FFE1B4 /* SPLaunchAnimation.swift in Sources */ = {isa = PBXBuildFile; fileRef = F40E94541DF40C2400FFE1B4 /* SPLaunchAnimation.swift */; };
		F40E94891DF40C2400FFE1B4 /* SPRandom.swift in Sources */ = {isa = PBXBuildFile; fileRef = F40E94561DF40C2400FFE1B4 /* SPRandom.swift */; };
		F40E948A1DF40C2400FFE1B4 /* SPExtenshionViewController.swift in Sources */ = {isa = PBXBuildFile; fileRef = F40E94591DF40C2400FFE1B4 /* SPExtenshionViewController.swift */; };
		F40E948B1DF40C2400FFE1B4 /* SPGradientViewController.swift in Sources */ = {isa = PBXBuildFile; fileRef = F40E945A1DF40C2400FFE1B4 /* SPGradientViewController.swift */; };
		F40E948C1DF40C2400FFE1B4 /* SPPageItemsScallingViewController.swift in Sources */ = {isa = PBXBuildFile; fileRef = F40E945B1DF40C2400FFE1B4 /* SPPageItemsScallingViewController.swift */; };
		F40E948D1DF40C2400FFE1B4 /* SPParalaxTableViewController.swift in Sources */ = {isa = PBXBuildFile; fileRef = F40E945C1DF40C2400FFE1B4 /* SPParalaxTableViewController.swift */; };
		F40E948E1DF40C2400FFE1B4 /* SPIconsButton.swift in Sources */ = {isa = PBXBuildFile; fileRef = F40E945F1DF40C2400FFE1B4 /* SPIconsButton.swift */; };
		F40E948F1DF40C2400FFE1B4 /* SPLinesCircleButtonsView.swift in Sources */ = {isa = PBXBuildFile; fileRef = F40E94601DF40C2400FFE1B4 /* SPLinesCircleButtonsView.swift */; };
		F40E94901DF40C2400FFE1B4 /* SPRoundButton.swift in Sources */ = {isa = PBXBuildFile; fileRef = F40E94611DF40C2400FFE1B4 /* SPRoundButton.swift */; };
		F40E94911DF40C2400FFE1B4 /* SPSegmentControllCell.swift in Sources */ = {isa = PBXBuildFile; fileRef = F40E94631DF40C2400FFE1B4 /* SPSegmentControllCell.swift */; };
		F40E94921DF40C2400FFE1B4 /* SPSegmentControlProtocol.swift in Sources */ = {isa = PBXBuildFile; fileRef = F40E94641DF40C2400FFE1B4 /* SPSegmentControlProtocol.swift */; };
		F40E94931DF40C2400FFE1B4 /* SPSegmentControlStyleProtocol.swift in Sources */ = {isa = PBXBuildFile; fileRef = F40E94651DF40C2400FFE1B4 /* SPSegmentControlStyleProtocol.swift */; };
		F40E94941DF40C2400FFE1B4 /* SPSegmentedControl.swift in Sources */ = {isa = PBXBuildFile; fileRef = F40E94661DF40C2400FFE1B4 /* SPSegmentedControl.swift */; };
		F40E94951DF40C2400FFE1B4 /* SPCollectionViewCell.swift in Sources */ = {isa = PBXBuildFile; fileRef = F40E946A1DF40C2400FFE1B4 /* SPCollectionViewCell.swift */; };
		F40E94961DF40C2400FFE1B4 /* SPPageItemsScalingCollectionView.swift in Sources */ = {isa = PBXBuildFile; fileRef = F40E946C1DF40C2400FFE1B4 /* SPPageItemsScalingCollectionView.swift */; };
		F40E94971DF40C2400FFE1B4 /* SPPageItemsScalingCollectionLayout.swift in Sources */ = {isa = PBXBuildFile; fileRef = F40E946E1DF40C2400FFE1B4 /* SPPageItemsScalingCollectionLayout.swift */; };
		F40E94981DF40C2400FFE1B4 /* SPParallaxTableViewCell.swift in Sources */ = {isa = PBXBuildFile; fileRef = F40E94711DF40C2400FFE1B4 /* SPParallaxTableViewCell.swift */; };
		F40E94991DF40C2400FFE1B4 /* SPBlurView.swift in Sources */ = {isa = PBXBuildFile; fileRef = F40E94741DF40C2400FFE1B4 /* SPBlurView.swift */; };
		F40E949A1DF40C2400FFE1B4 /* SPGradientView.swift in Sources */ = {isa = PBXBuildFile; fileRef = F40E94751DF40C2400FFE1B4 /* SPGradientView.swift */; };
		F40E949B1DF40C2400FFE1B4 /* SPUILabelExtenshion.swift in Sources */ = {isa = PBXBuildFile; fileRef = F40E94761DF40C2400FFE1B4 /* SPUILabelExtenshion.swift */; };
		F40E949C1DF40C2400FFE1B4 /* SPUIViewExtenshion.swift in Sources */ = {isa = PBXBuildFile; fileRef = F40E94771DF40C2400FFE1B4 /* SPUIViewExtenshion.swift */; };
/* End PBXBuildFile section */

/* Begin PBXFileReference section */
		F40E941F1DF40BEF00FFE1B4 /* SegmentedControl.app */ = {isa = PBXFileReference; explicitFileType = wrapper.application; includeInIndex = 0; path = SegmentedControl.app; sourceTree = BUILT_PRODUCTS_DIR; };
		F40E94221DF40BEF00FFE1B4 /* AppDelegate.swift */ = {isa = PBXFileReference; lastKnownFileType = sourcecode.swift; path = AppDelegate.swift; sourceTree = "<group>"; };
		F40E94241DF40BEF00FFE1B4 /* ViewController.swift */ = {isa = PBXFileReference; lastKnownFileType = sourcecode.swift; path = ViewController.swift; sourceTree = "<group>"; };
		F40E94271DF40BEF00FFE1B4 /* Base */ = {isa = PBXFileReference; lastKnownFileType = file.storyboard; name = Base; path = Base.lproj/Main.storyboard; sourceTree = "<group>"; };
		F40E94291DF40BEF00FFE1B4 /* Assets.xcassets */ = {isa = PBXFileReference; lastKnownFileType = folder.assetcatalog; path = Assets.xcassets; sourceTree = "<group>"; };
		F40E942C1DF40BEF00FFE1B4 /* Base */ = {isa = PBXFileReference; lastKnownFileType = file.storyboard; name = Base; path = Base.lproj/LaunchScreen.storyboard; sourceTree = "<group>"; };
		F40E942E1DF40BEF00FFE1B4 /* Info.plist */ = {isa = PBXFileReference; lastKnownFileType = text.plist.xml; path = Info.plist; sourceTree = "<group>"; };
		F40E94371DF40C2300FFE1B4 /* SPAnimation.swift */ = {isa = PBXFileReference; fileEncoding = 4; lastKnownFileType = sourcecode.swift; path = SPAnimation.swift; sourceTree = "<group>"; };
		F40E94381DF40C2300FFE1B4 /* SPAnimationSpring.swift */ = {isa = PBXFileReference; fileEncoding = 4; lastKnownFileType = sourcecode.swift; path = SPAnimationSpring.swift; sourceTree = "<group>"; };
		F40E94391DF40C2300FFE1B4 /* SPAnimationUpward.swift */ = {isa = PBXFileReference; fileEncoding = 4; lastKnownFileType = sourcecode.swift; path = SPAnimationUpward.swift; sourceTree = "<group>"; };
		F40E943B1DF40C2300FFE1B4 /* SPAudioPlayer.swift */ = {isa = PBXFileReference; fileEncoding = 4; lastKnownFileType = sourcecode.swift; path = SPAudioPlayer.swift; sourceTree = "<group>"; };
		F40E943D1DF40C2300FFE1B4 /* SPUIColorExtenshion.swift */ = {isa = PBXFileReference; fileEncoding = 4; lastKnownFileType = sourcecode.swift; path = SPUIColorExtenshion.swift; sourceTree = "<group>"; };
		F40E943F1DF40C2300FFE1B4 /* SPConstraintsAssistent.swift */ = {isa = PBXFileReference; fileEncoding = 4; lastKnownFileType = sourcecode.swift; path = SPConstraintsAssistent.swift; sourceTree = "<group>"; };
		F40E94411DF40C2300FFE1B4 /* SPDelay.swift */ = {isa = PBXFileReference; fileEncoding = 4; lastKnownFileType = sourcecode.swift; path = SPDelay.swift; sourceTree = "<group>"; };
		F40E94431DF40C2300FFE1B4 /* SPUIDeviceExtenshion.swift */ = {isa = PBXFileReference; fileEncoding = 4; lastKnownFileType = sourcecode.swift; path = SPUIDeviceExtenshion.swift; sourceTree = "<group>"; };
		F40E94461DF40C2300FFE1B4 /* SPBezierPathFigure.swift */ = {isa = PBXFileReference; fileEncoding = 4; lastKnownFileType = sourcecode.swift; path = SPBezierPathFigure.swift; sourceTree = "<group>"; };
		F40E94481DF40C2300FFE1B4 /* SPUIImageExtenshion.swift */ = {isa = PBXFileReference; fileEncoding = 4; lastKnownFileType = sourcecode.swift; path = SPUIImageExtenshion.swift; sourceTree = "<group>"; };
		F40E94491DF40C2300FFE1B4 /* SPUIImageViewExtenshion.swift */ = {isa = PBXFileReference; fileEncoding = 4; lastKnownFileType = sourcecode.swift; path = SPUIImageViewExtenshion.swift; sourceTree = "<group>"; };
		F40E944B1DF40C2300FFE1B4 /* SPInternetConnection.swift */ = {isa = PBXFileReference; fileEncoding = 4; lastKnownFileType = sourcecode.swift; path = SPInternetConnection.swift; sourceTree = "<group>"; };
		F40E944F1DF40C2400FFE1B4 /* SPLaunchAnimationTwitterExtenshion.swift */ = {isa = PBXFileReference; fileEncoding = 4; lastKnownFileType = sourcecode.swift; path = SPLaunchAnimationTwitterExtenshion.swift; sourceTree = "<group>"; };
		F40E94501DF40C2400FFE1B4 /* TwitterLaunchScreen.storyboard */ = {isa = PBXFileReference; fileEncoding = 4; lastKnownFileType = file.storyboard; path = TwitterLaunchScreen.storyboard; sourceTree = "<group>"; };
		F40E94511DF40C2400FFE1B4 /* TwitterMedia.xcassets */ = {isa = PBXFileReference; lastKnownFileType = folder.assetcatalog; path = TwitterMedia.xcassets; sourceTree = "<group>"; };
		F40E94531DF40C2400FFE1B4 /* SPLaunchAnimationSlideExtenshion.swift */ = {isa = PBXFileReference; fileEncoding = 4; lastKnownFileType = sourcecode.swift; path = SPLaunchAnimationSlideExtenshion.swift; sourceTree = "<group>"; };
		F40E94541DF40C2400FFE1B4 /* SPLaunchAnimation.swift */ = {isa = PBXFileReference; fileEncoding = 4; lastKnownFileType = sourcecode.swift; path = SPLaunchAnimation.swift; sourceTree = "<group>"; };
		F40E94561DF40C2400FFE1B4 /* SPRandom.swift */ = {isa = PBXFileReference; fileEncoding = 4; lastKnownFileType = sourcecode.swift; path = SPRandom.swift; sourceTree = "<group>"; };
		F40E94591DF40C2400FFE1B4 /* SPExtenshionViewController.swift */ = {isa = PBXFileReference; fileEncoding = 4; lastKnownFileType = sourcecode.swift; path = SPExtenshionViewController.swift; sourceTree = "<group>"; };
		F40E945A1DF40C2400FFE1B4 /* SPGradientViewController.swift */ = {isa = PBXFileReference; fileEncoding = 4; lastKnownFileType = sourcecode.swift; path = SPGradientViewController.swift; sourceTree = "<group>"; };
		F40E945B1DF40C2400FFE1B4 /* SPPageItemsScallingViewController.swift */ = {isa = PBXFileReference; fileEncoding = 4; lastKnownFileType = sourcecode.swift; path = SPPageItemsScallingViewController.swift; sourceTree = "<group>"; };
		F40E945C1DF40C2400FFE1B4 /* SPParalaxTableViewController.swift */ = {isa = PBXFileReference; fileEncoding = 4; lastKnownFileType = sourcecode.swift; path = SPParalaxTableViewController.swift; sourceTree = "<group>"; };
		F40E945F1DF40C2400FFE1B4 /* SPIconsButton.swift */ = {isa = PBXFileReference; fileEncoding = 4; lastKnownFileType = sourcecode.swift; path = SPIconsButton.swift; sourceTree = "<group>"; };
		F40E94601DF40C2400FFE1B4 /* SPLinesCircleButtonsView.swift */ = {isa = PBXFileReference; fileEncoding = 4; lastKnownFileType = sourcecode.swift; path = SPLinesCircleButtonsView.swift; sourceTree = "<group>"; };
		F40E94611DF40C2400FFE1B4 /* SPRoundButton.swift */ = {isa = PBXFileReference; fileEncoding = 4; lastKnownFileType = sourcecode.swift; path = SPRoundButton.swift; sourceTree = "<group>"; };
		F40E94631DF40C2400FFE1B4 /* SPSegmentControllCell.swift */ = {isa = PBXFileReference; fileEncoding = 4; lastKnownFileType = sourcecode.swift; path = SPSegmentControllCell.swift; sourceTree = "<group>"; };
		F40E94641DF40C2400FFE1B4 /* SPSegmentControlProtocol.swift */ = {isa = PBXFileReference; fileEncoding = 4; lastKnownFileType = sourcecode.swift; path = SPSegmentControlProtocol.swift; sourceTree = "<group>"; };
		F40E94651DF40C2400FFE1B4 /* SPSegmentControlStyleProtocol.swift */ = {isa = PBXFileReference; fileEncoding = 4; lastKnownFileType = sourcecode.swift; path = SPSegmentControlStyleProtocol.swift; sourceTree = "<group>"; };
		F40E94661DF40C2400FFE1B4 /* SPSegmentedControl.swift */ = {isa = PBXFileReference; fileEncoding = 4; lastKnownFileType = sourcecode.swift; path = SPSegmentedControl.swift; sourceTree = "<group>"; };
		F40E946A1DF40C2400FFE1B4 /* SPCollectionViewCell.swift */ = {isa = PBXFileReference; fileEncoding = 4; lastKnownFileType = sourcecode.swift; path = SPCollectionViewCell.swift; sourceTree = "<group>"; };
		F40E946C1DF40C2400FFE1B4 /* SPPageItemsScalingCollectionView.swift */ = {isa = PBXFileReference; fileEncoding = 4; lastKnownFileType = sourcecode.swift; path = SPPageItemsScalingCollectionView.swift; sourceTree = "<group>"; };
		F40E946E1DF40C2400FFE1B4 /* SPPageItemsScalingCollectionLayout.swift */ = {isa = PBXFileReference; fileEncoding = 4; lastKnownFileType = sourcecode.swift; path = SPPageItemsScalingCollectionLayout.swift; sourceTree = "<group>"; };
		F40E94711DF40C2400FFE1B4 /* SPParallaxTableViewCell.swift */ = {isa = PBXFileReference; fileEncoding = 4; lastKnownFileType = sourcecode.swift; path = SPParallaxTableViewCell.swift; sourceTree = "<group>"; };
		F40E94741DF40C2400FFE1B4 /* SPBlurView.swift */ = {isa = PBXFileReference; fileEncoding = 4; lastKnownFileType = sourcecode.swift; path = SPBlurView.swift; sourceTree = "<group>"; };
		F40E94751DF40C2400FFE1B4 /* SPGradientView.swift */ = {isa = PBXFileReference; fileEncoding = 4; lastKnownFileType = sourcecode.swift; path = SPGradientView.swift; sourceTree = "<group>"; };
		F40E94761DF40C2400FFE1B4 /* SPUILabelExtenshion.swift */ = {isa = PBXFileReference; fileEncoding = 4; lastKnownFileType = sourcecode.swift; path = SPUILabelExtenshion.swift; sourceTree = "<group>"; };
		F40E94771DF40C2400FFE1B4 /* SPUIViewExtenshion.swift */ = {isa = PBXFileReference; fileEncoding = 4; lastKnownFileType = sourcecode.swift; path = SPUIViewExtenshion.swift; sourceTree = "<group>"; };
/* End PBXFileReference section */

/* Begin PBXFrameworksBuildPhase section */
		F40E941C1DF40BEF00FFE1B4 /* Frameworks */ = {
			isa = PBXFrameworksBuildPhase;
			buildActionMask = 2147483647;
			files = (
			);
			runOnlyForDeploymentPostprocessing = 0;
		};
/* End PBXFrameworksBuildPhase section */

/* Begin PBXGroup section */
		F40E94161DF40BEF00FFE1B4 = {
			isa = PBXGroup;
			children = (
				F40E94211DF40BEF00FFE1B4 /* SegmentedControl */,
				F40E94201DF40BEF00FFE1B4 /* Products */,
			);
			sourceTree = "<group>";
		};
		F40E94201DF40BEF00FFE1B4 /* Products */ = {
			isa = PBXGroup;
			children = (
				F40E941F1DF40BEF00FFE1B4 /* SegmentedControl.app */,
			);
			name = Products;
			sourceTree = "<group>";
		};
		F40E94211DF40BEF00FFE1B4 /* SegmentedControl */ = {
			isa = PBXGroup;
			children = (
				F40E94341DF40C2300FFE1B4 /* Frameworks */,
				F40E94221DF40BEF00FFE1B4 /* AppDelegate.swift */,
				F40E94241DF40BEF00FFE1B4 /* ViewController.swift */,
				F40E94261DF40BEF00FFE1B4 /* Main.storyboard */,
				F40E94291DF40BEF00FFE1B4 /* Assets.xcassets */,
				F40E942B1DF40BEF00FFE1B4 /* LaunchScreen.storyboard */,
				F40E942E1DF40BEF00FFE1B4 /* Info.plist */,
			);
			path = SegmentedControl;
			sourceTree = "<group>";
		};
		F40E94341DF40C2300FFE1B4 /* Frameworks */ = {
			isa = PBXGroup;
			children = (
				F40E94351DF40C2300FFE1B4 /* Sparrow */,
			);
			path = Frameworks;
			sourceTree = "<group>";
		};
		F40E94351DF40C2300FFE1B4 /* Sparrow */ = {
			isa = PBXGroup;
			children = (
				F40E94361DF40C2300FFE1B4 /* Animation */,
				F40E943A1DF40C2300FFE1B4 /* Audio */,
				F40E943C1DF40C2300FFE1B4 /* Color */,
				F40E943E1DF40C2300FFE1B4 /* Constraints */,
				F40E94401DF40C2300FFE1B4 /* Delay */,
				F40E94421DF40C2300FFE1B4 /* Device */,
				F40E94441DF40C2300FFE1B4 /* Figure */,
				F40E94471DF40C2300FFE1B4 /* Image */,
				F40E944A1DF40C2300FFE1B4 /* InternetConnection */,
				F40E944C1DF40C2300FFE1B4 /* Launch */,
				F40E94551DF40C2400FFE1B4 /* Random */,
				F40E94571DF40C2400FFE1B4 /* UI */,
			);
			path = Sparrow;
			sourceTree = "<group>";
		};
		F40E94361DF40C2300FFE1B4 /* Animation */ = {
			isa = PBXGroup;
			children = (
				F40E94371DF40C2300FFE1B4 /* SPAnimation.swift */,
				F40E94381DF40C2300FFE1B4 /* SPAnimationSpring.swift */,
				F40E94391DF40C2300FFE1B4 /* SPAnimationUpward.swift */,
			);
			path = Animation;
			sourceTree = "<group>";
		};
		F40E943A1DF40C2300FFE1B4 /* Audio */ = {
			isa = PBXGroup;
			children = (
				F40E943B1DF40C2300FFE1B4 /* SPAudioPlayer.swift */,
			);
			path = Audio;
			sourceTree = "<group>";
		};
		F40E943C1DF40C2300FFE1B4 /* Color */ = {
			isa = PBXGroup;
			children = (
				F40E943D1DF40C2300FFE1B4 /* SPUIColorExtenshion.swift */,
			);
			path = Color;
			sourceTree = "<group>";
		};
		F40E943E1DF40C2300FFE1B4 /* Constraints */ = {
			isa = PBXGroup;
			children = (
				F40E943F1DF40C2300FFE1B4 /* SPConstraintsAssistent.swift */,
			);
			path = Constraints;
			sourceTree = "<group>";
		};
		F40E94401DF40C2300FFE1B4 /* Delay */ = {
			isa = PBXGroup;
			children = (
				F40E94411DF40C2300FFE1B4 /* SPDelay.swift */,
			);
			path = Delay;
			sourceTree = "<group>";
		};
		F40E94421DF40C2300FFE1B4 /* Device */ = {
			isa = PBXGroup;
			children = (
				F40E94431DF40C2300FFE1B4 /* SPUIDeviceExtenshion.swift */,
			);
			path = Device;
			sourceTree = "<group>";
		};
		F40E94441DF40C2300FFE1B4 /* Figure */ = {
			isa = PBXGroup;
			children = (
				F40E94451DF40C2300FFE1B4 /* BezierPathFigure */,
			);
			path = Figure;
			sourceTree = "<group>";
		};
		F40E94451DF40C2300FFE1B4 /* BezierPathFigure */ = {
			isa = PBXGroup;
			children = (
				F40E94461DF40C2300FFE1B4 /* SPBezierPathFigure.swift */,
			);
			path = BezierPathFigure;
			sourceTree = "<group>";
		};
		F40E94471DF40C2300FFE1B4 /* Image */ = {
			isa = PBXGroup;
			children = (
				F40E94481DF40C2300FFE1B4 /* SPUIImageExtenshion.swift */,
				F40E94491DF40C2300FFE1B4 /* SPUIImageViewExtenshion.swift */,
			);
			path = Image;
			sourceTree = "<group>";
		};
		F40E944A1DF40C2300FFE1B4 /* InternetConnection */ = {
			isa = PBXGroup;
			children = (
				F40E944B1DF40C2300FFE1B4 /* SPInternetConnection.swift */,
			);
			path = InternetConnection;
			sourceTree = "<group>";
		};
		F40E944C1DF40C2300FFE1B4 /* Launch */ = {
			isa = PBXGroup;
			children = (
				F40E944D1DF40C2300FFE1B4 /* Animation */,
			);
			path = Launch;
			sourceTree = "<group>";
		};
		F40E944D1DF40C2300FFE1B4 /* Animation */ = {
			isa = PBXGroup;
			children = (
				F40E944E1DF40C2400FFE1B4 /* asTwitter */,
				F40E94521DF40C2400FFE1B4 /* Slide */,
				F40E94541DF40C2400FFE1B4 /* SPLaunchAnimation.swift */,
			);
			path = Animation;
			sourceTree = "<group>";
		};
		F40E944E1DF40C2400FFE1B4 /* asTwitter */ = {
			isa = PBXGroup;
			children = (
				F40E944F1DF40C2400FFE1B4 /* SPLaunchAnimationTwitterExtenshion.swift */,
				F40E94501DF40C2400FFE1B4 /* TwitterLaunchScreen.storyboard */,
				F40E94511DF40C2400FFE1B4 /* TwitterMedia.xcassets */,
			);
			path = asTwitter;
			sourceTree = "<group>";
		};
		F40E94521DF40C2400FFE1B4 /* Slide */ = {
			isa = PBXGroup;
			children = (
				F40E94531DF40C2400FFE1B4 /* SPLaunchAnimationSlideExtenshion.swift */,
			);
			path = Slide;
			sourceTree = "<group>";
		};
		F40E94551DF40C2400FFE1B4 /* Random */ = {
			isa = PBXGroup;
			children = (
				F40E94561DF40C2400FFE1B4 /* SPRandom.swift */,
			);
			path = Random;
			sourceTree = "<group>";
		};
		F40E94571DF40C2400FFE1B4 /* UI */ = {
			isa = PBXGroup;
			children = (
				F40E94581DF40C2400FFE1B4 /* Controllers */,
				F40E945D1DF40C2400FFE1B4 /* Controls */,
				F40E94671DF40C2400FFE1B4 /* Views */,
			);
			path = UI;
			sourceTree = "<group>";
		};
		F40E94581DF40C2400FFE1B4 /* Controllers */ = {
			isa = PBXGroup;
			children = (
				F40E94591DF40C2400FFE1B4 /* SPExtenshionViewController.swift */,
				F40E945A1DF40C2400FFE1B4 /* SPGradientViewController.swift */,
				F40E945B1DF40C2400FFE1B4 /* SPPageItemsScallingViewController.swift */,
				F40E945C1DF40C2400FFE1B4 /* SPParalaxTableViewController.swift */,
			);
			path = Controllers;
			sourceTree = "<group>";
		};
		F40E945D1DF40C2400FFE1B4 /* Controls */ = {
			isa = PBXGroup;
			children = (
				F40E945E1DF40C2400FFE1B4 /* Buttons */,
				F40E94621DF40C2400FFE1B4 /* SegmentedControl */,
			);
			path = Controls;
			sourceTree = "<group>";
		};
		F40E945E1DF40C2400FFE1B4 /* Buttons */ = {
			isa = PBXGroup;
			children = (
				F40E945F1DF40C2400FFE1B4 /* SPIconsButton.swift */,
				F40E94601DF40C2400FFE1B4 /* SPLinesCircleButtonsView.swift */,
				F40E94611DF40C2400FFE1B4 /* SPRoundButton.swift */,
			);
			path = Buttons;
			sourceTree = "<group>";
		};
		F40E94621DF40C2400FFE1B4 /* SegmentedControl */ = {
			isa = PBXGroup;
			children = (
				F40E94631DF40C2400FFE1B4 /* SPSegmentControllCell.swift */,
				F40E94641DF40C2400FFE1B4 /* SPSegmentControlProtocol.swift */,
				F40E94651DF40C2400FFE1B4 /* SPSegmentControlStyleProtocol.swift */,
				F40E94661DF40C2400FFE1B4 /* SPSegmentedControl.swift */,
			);
			path = SegmentedControl;
			sourceTree = "<group>";
		};
		F40E94671DF40C2400FFE1B4 /* Views */ = {
			isa = PBXGroup;
			children = (
				F40E94681DF40C2400FFE1B4 /* CollectionViews */,
				F40E946F1DF40C2400FFE1B4 /* TableViews */,
				F40E94731DF40C2400FFE1B4 /* Views */,
			);
			path = Views;
			sourceTree = "<group>";
		};
		F40E94681DF40C2400FFE1B4 /* CollectionViews */ = {
			isa = PBXGroup;
			children = (
				F40E94691DF40C2400FFE1B4 /* Cells */,
				F40E946B1DF40C2400FFE1B4 /* CollectionViews */,
				F40E946D1DF40C2400FFE1B4 /* Layouts */,
			);
			path = CollectionViews;
			sourceTree = "<group>";
		};
		F40E94691DF40C2400FFE1B4 /* Cells */ = {
			isa = PBXGroup;
			children = (
				F40E946A1DF40C2400FFE1B4 /* SPCollectionViewCell.swift */,
			);
			path = Cells;
			sourceTree = "<group>";
		};
		F40E946B1DF40C2400FFE1B4 /* CollectionViews */ = {
			isa = PBXGroup;
			children = (
				F40E946C1DF40C2400FFE1B4 /* SPPageItemsScalingCollectionView.swift */,
			);
			path = CollectionViews;
			sourceTree = "<group>";
		};
		F40E946D1DF40C2400FFE1B4 /* Layouts */ = {
			isa = PBXGroup;
			children = (
				F40E946E1DF40C2400FFE1B4 /* SPPageItemsScalingCollectionLayout.swift */,
			);
			path = Layouts;
			sourceTree = "<group>";
		};
		F40E946F1DF40C2400FFE1B4 /* TableViews */ = {
			isa = PBXGroup;
			children = (
				F40E94701DF40C2400FFE1B4 /* Cell */,
				F40E94721DF40C2400FFE1B4 /* TableViews */,
			);
			path = TableViews;
			sourceTree = "<group>";
		};
		F40E94701DF40C2400FFE1B4 /* Cell */ = {
			isa = PBXGroup;
			children = (
				F40E94711DF40C2400FFE1B4 /* SPParallaxTableViewCell.swift */,
			);
			path = Cell;
			sourceTree = "<group>";
		};
		F40E94721DF40C2400FFE1B4 /* TableViews */ = {
			isa = PBXGroup;
			children = (
			);
			path = TableViews;
			sourceTree = "<group>";
		};
		F40E94731DF40C2400FFE1B4 /* Views */ = {
			isa = PBXGroup;
			children = (
				F40E94741DF40C2400FFE1B4 /* SPBlurView.swift */,
				F40E94751DF40C2400FFE1B4 /* SPGradientView.swift */,
				F40E94761DF40C2400FFE1B4 /* SPUILabelExtenshion.swift */,
				F40E94771DF40C2400FFE1B4 /* SPUIViewExtenshion.swift */,
			);
			path = Views;
			sourceTree = "<group>";
		};
/* End PBXGroup section */

/* Begin PBXNativeTarget section */
		F40E941E1DF40BEF00FFE1B4 /* SegmentedControl */ = {
			isa = PBXNativeTarget;
			buildConfigurationList = F40E94311DF40BEF00FFE1B4 /* Build configuration list for PBXNativeTarget "SegmentedControl" */;
			buildPhases = (
				F40E941B1DF40BEF00FFE1B4 /* Sources */,
				F40E941C1DF40BEF00FFE1B4 /* Frameworks */,
				F40E941D1DF40BEF00FFE1B4 /* Resources */,
			);
			buildRules = (
			);
			dependencies = (
			);
			name = SegmentedControl;
			productName = SegmentedControl;
			productReference = F40E941F1DF40BEF00FFE1B4 /* SegmentedControl.app */;
			productType = "com.apple.product-type.application";
		};
/* End PBXNativeTarget section */

/* Begin PBXProject section */
		F40E94171DF40BEF00FFE1B4 /* Project object */ = {
			isa = PBXProject;
			attributes = {
				LastSwiftUpdateCheck = 0810;
				LastUpgradeCheck = 0810;
				ORGANIZATIONNAME = "Ivan Vorobei";
				TargetAttributes = {
					F40E941E1DF40BEF00FFE1B4 = {
						CreatedOnToolsVersion = 8.1;
						DevelopmentTeam = MNM2TM9G7C;
						ProvisioningStyle = Automatic;
					};
				};
			};
			buildConfigurationList = F40E941A1DF40BEF00FFE1B4 /* Build configuration list for PBXProject "SegmentedControl" */;
			compatibilityVersion = "Xcode 3.2";
			developmentRegion = English;
			hasScannedForEncodings = 0;
			knownRegions = (
				en,
				Base,
			);
			mainGroup = F40E94161DF40BEF00FFE1B4;
			productRefGroup = F40E94201DF40BEF00FFE1B4 /* Products */;
			projectDirPath = "";
			projectRoot = "";
			targets = (
				F40E941E1DF40BEF00FFE1B4 /* SegmentedControl */,
			);
		};
/* End PBXProject section */

/* Begin PBXResourcesBuildPhase section */
		F40E941D1DF40BEF00FFE1B4 /* Resources */ = {
			isa = PBXResourcesBuildPhase;
			buildActionMask = 2147483647;
			files = (
				F40E942D1DF40BEF00FFE1B4 /* LaunchScreen.storyboard in Resources */,
				F40E94861DF40C2400FFE1B4 /* TwitterMedia.xcassets in Resources */,
				F40E942A1DF40BEF00FFE1B4 /* Assets.xcassets in Resources */,
				F40E94281DF40BEF00FFE1B4 /* Main.storyboard in Resources */,
				F40E94851DF40C2400FFE1B4 /* TwitterLaunchScreen.storyboard in Resources */,
			);
			runOnlyForDeploymentPostprocessing = 0;
		};
/* End PBXResourcesBuildPhase section */

/* Begin PBXSourcesBuildPhase section */
		F40E941B1DF40BEF00FFE1B4 /* Sources */ = {
			isa = PBXSourcesBuildPhase;
			buildActionMask = 2147483647;
			files = (
				F40E949A1DF40C2400FFE1B4 /* SPGradientView.swift in Sources */,
				F40E94991DF40C2400FFE1B4 /* SPBlurView.swift in Sources */,
				F40E94931DF40C2400FFE1B4 /* SPSegmentControlStyleProtocol.swift in Sources */,
				F40E94821DF40C2400FFE1B4 /* SPUIImageViewExtenshion.swift in Sources */,
				F40E947D1DF40C2400FFE1B4 /* SPConstraintsAssistent.swift in Sources */,
				F40E94811DF40C2400FFE1B4 /* SPUIImageExtenshion.swift in Sources */,
				F40E94981DF40C2400FFE1B4 /* SPParallaxTableViewCell.swift in Sources */,
				F40E94941DF40C2400FFE1B4 /* SPSegmentedControl.swift in Sources */,
				F40E948F1DF40C2400FFE1B4 /* SPLinesCircleButtonsView.swift in Sources */,
				F40E949C1DF40C2400FFE1B4 /* SPUIViewExtenshion.swift in Sources */,
				F40E94921DF40C2400FFE1B4 /* SPSegmentControlProtocol.swift in Sources */,
				F40E94791DF40C2400FFE1B4 /* SPAnimationSpring.swift in Sources */,
				F40E94801DF40C2400FFE1B4 /* SPBezierPathFigure.swift in Sources */,
				F40E94871DF40C2400FFE1B4 /* SPLaunchAnimationSlideExtenshion.swift in Sources */,
				F40E94831DF40C2400FFE1B4 /* SPInternetConnection.swift in Sources */,
				F40E949B1DF40C2400FFE1B4 /* SPUILabelExtenshion.swift in Sources */,
				F40E94961DF40C2400FFE1B4 /* SPPageItemsScalingCollectionView.swift in Sources */,
				F40E947E1DF40C2400FFE1B4 /* SPDelay.swift in Sources */,
				F40E94911DF40C2400FFE1B4 /* SPSegmentControllCell.swift in Sources */,
				F40E947A1DF40C2400FFE1B4 /* SPAnimationUpward.swift in Sources */,
				F40E948B1DF40C2400FFE1B4 /* SPGradientViewController.swift in Sources */,
				F40E94971DF40C2400FFE1B4 /* SPPageItemsScalingCollectionLayout.swift in Sources */,
				F40E94841DF40C2400FFE1B4 /* SPLaunchAnimationTwitterExtenshion.swift in Sources */,
				F40E94901DF40C2400FFE1B4 /* SPRoundButton.swift in Sources */,
				F40E948C1DF40C2400FFE1B4 /* SPPageItemsScallingViewController.swift in Sources */,
				F40E947B1DF40C2400FFE1B4 /* SPAudioPlayer.swift in Sources */,
				F40E94951DF40C2400FFE1B4 /* SPCollectionViewCell.swift in Sources */,
				F40E948E1DF40C2400FFE1B4 /* SPIconsButton.swift in Sources */,
				F40E94251DF40BEF00FFE1B4 /* ViewController.swift in Sources */,
				F40E94881DF40C2400FFE1B4 /* SPLaunchAnimation.swift in Sources */,
				F40E94231DF40BEF00FFE1B4 /* AppDelegate.swift in Sources */,
				F40E948D1DF40C2400FFE1B4 /* SPParalaxTableViewController.swift in Sources */,
				F40E948A1DF40C2400FFE1B4 /* SPExtenshionViewController.swift in Sources */,
				F40E947C1DF40C2400FFE1B4 /* SPUIColorExtenshion.swift in Sources */,
				F40E94891DF40C2400FFE1B4 /* SPRandom.swift in Sources */,
				F40E94781DF40C2400FFE1B4 /* SPAnimation.swift in Sources */,
				F40E947F1DF40C2400FFE1B4 /* SPUIDeviceExtenshion.swift in Sources */,
			);
			runOnlyForDeploymentPostprocessing = 0;
		};
/* End PBXSourcesBuildPhase section */

/* Begin PBXVariantGroup section */
		F40E94261DF40BEF00FFE1B4 /* Main.storyboard */ = {
			isa = PBXVariantGroup;
			children = (
				F40E94271DF40BEF00FFE1B4 /* Base */,
			);
			name = Main.storyboard;
			sourceTree = "<group>";
		};
		F40E942B1DF40BEF00FFE1B4 /* LaunchScreen.storyboard */ = {
			isa = PBXVariantGroup;
			children = (
				F40E942C1DF40BEF00FFE1B4 /* Base */,
			);
			name = LaunchScreen.storyboard;
			sourceTree = "<group>";
		};
/* End PBXVariantGroup section */

/* Begin XCBuildConfiguration section */
		F40E942F1DF40BEF00FFE1B4 /* Debug */ = {
			isa = XCBuildConfiguration;
			buildSettings = {
				ALWAYS_SEARCH_USER_PATHS = NO;
				CLANG_ANALYZER_NONNULL = YES;
				CLANG_CXX_LANGUAGE_STANDARD = "gnu++0x";
				CLANG_CXX_LIBRARY = "libc++";
				CLANG_ENABLE_MODULES = YES;
				CLANG_ENABLE_OBJC_ARC = YES;
				CLANG_WARN_BOOL_CONVERSION = YES;
				CLANG_WARN_CONSTANT_CONVERSION = YES;
				CLANG_WARN_DIRECT_OBJC_ISA_USAGE = YES_ERROR;
				CLANG_WARN_DOCUMENTATION_COMMENTS = YES;
				CLANG_WARN_EMPTY_BODY = YES;
				CLANG_WARN_ENUM_CONVERSION = YES;
				CLANG_WARN_INFINITE_RECURSION = YES;
				CLANG_WARN_INT_CONVERSION = YES;
				CLANG_WARN_OBJC_ROOT_CLASS = YES_ERROR;
				CLANG_WARN_SUSPICIOUS_MOVES = YES;
				CLANG_WARN_UNREACHABLE_CODE = YES;
				CLANG_WARN__DUPLICATE_METHOD_MATCH = YES;
				"CODE_SIGN_IDENTITY[sdk=iphoneos*]" = "iPhone Developer";
				COPY_PHASE_STRIP = NO;
				DEBUG_INFORMATION_FORMAT = dwarf;
				ENABLE_STRICT_OBJC_MSGSEND = YES;
				ENABLE_TESTABILITY = YES;
				GCC_C_LANGUAGE_STANDARD = gnu99;
				GCC_DYNAMIC_NO_PIC = NO;
				GCC_NO_COMMON_BLOCKS = YES;
				GCC_OPTIMIZATION_LEVEL = 0;
				GCC_PREPROCESSOR_DEFINITIONS = (
					"DEBUG=1",
					"$(inherited)",
				);
				GCC_WARN_64_TO_32_BIT_CONVERSION = YES;
				GCC_WARN_ABOUT_RETURN_TYPE = YES_ERROR;
				GCC_WARN_UNDECLARED_SELECTOR = YES;
				GCC_WARN_UNINITIALIZED_AUTOS = YES_AGGRESSIVE;
				GCC_WARN_UNUSED_FUNCTION = YES;
				GCC_WARN_UNUSED_VARIABLE = YES;
				IPHONEOS_DEPLOYMENT_TARGET = 10.1;
				MTL_ENABLE_DEBUG_INFO = YES;
				ONLY_ACTIVE_ARCH = YES;
				SDKROOT = iphoneos;
				SWIFT_ACTIVE_COMPILATION_CONDITIONS = DEBUG;
				SWIFT_OPTIMIZATION_LEVEL = "-Onone";
				TARGETED_DEVICE_FAMILY = "1,2";
			};
			name = Debug;
		};
		F40E94301DF40BEF00FFE1B4 /* Release */ = {
			isa = XCBuildConfiguration;
			buildSettings = {
				ALWAYS_SEARCH_USER_PATHS = NO;
				CLANG_ANALYZER_NONNULL = YES;
				CLANG_CXX_LANGUAGE_STANDARD = "gnu++0x";
				CLANG_CXX_LIBRARY = "libc++";
				CLANG_ENABLE_MODULES = YES;
				CLANG_ENABLE_OBJC_ARC = YES;
				CLANG_WARN_BOOL_CONVERSION = YES;
				CLANG_WARN_CONSTANT_CONVERSION = YES;
				CLANG_WARN_DIRECT_OBJC_ISA_USAGE = YES_ERROR;
				CLANG_WARN_DOCUMENTATION_COMMENTS = YES;
				CLANG_WARN_EMPTY_BODY = YES;
				CLANG_WARN_ENUM_CONVERSION = YES;
				CLANG_WARN_INFINITE_RECURSION = YES;
				CLANG_WARN_INT_CONVERSION = YES;
				CLANG_WARN_OBJC_ROOT_CLASS = YES_ERROR;
				CLANG_WARN_SUSPICIOUS_MOVES = YES;
				CLANG_WARN_UNREACHABLE_CODE = YES;
				CLANG_WARN__DUPLICATE_METHOD_MATCH = YES;
				"CODE_SIGN_IDENTITY[sdk=iphoneos*]" = "iPhone Developer";
				COPY_PHASE_STRIP = NO;
				DEBUG_INFORMATION_FORMAT = "dwarf-with-dsym";
				ENABLE_NS_ASSERTIONS = NO;
				ENABLE_STRICT_OBJC_MSGSEND = YES;
				GCC_C_LANGUAGE_STANDARD = gnu99;
				GCC_NO_COMMON_BLOCKS = YES;
				GCC_WARN_64_TO_32_BIT_CONVERSION = YES;
				GCC_WARN_ABOUT_RETURN_TYPE = YES_ERROR;
				GCC_WARN_UNDECLARED_SELECTOR = YES;
				GCC_WARN_UNINITIALIZED_AUTOS = YES_AGGRESSIVE;
				GCC_WARN_UNUSED_FUNCTION = YES;
				GCC_WARN_UNUSED_VARIABLE = YES;
				IPHONEOS_DEPLOYMENT_TARGET = 10.1;
				MTL_ENABLE_DEBUG_INFO = NO;
				SDKROOT = iphoneos;
				SWIFT_OPTIMIZATION_LEVEL = "-Owholemodule";
				TARGETED_DEVICE_FAMILY = "1,2";
				VALIDATE_PRODUCT = YES;
			};
			name = Release;
		};
		F40E94321DF40BEF00FFE1B4 /* Debug */ = {
			isa = XCBuildConfiguration;
			buildSettings = {
				ASSETCATALOG_COMPILER_APPICON_NAME = AppIcon;
				DEVELOPMENT_TEAM = MNM2TM9G7C;
				INFOPLIST_FILE = SegmentedControl/Info.plist;
				LD_RUNPATH_SEARCH_PATHS = "$(inherited) @executable_path/Frameworks";
				PRODUCT_BUNDLE_IDENTIFIER = by.ivanvorobei.SegmentedControl;
				PRODUCT_NAME = "$(TARGET_NAME)";
				SWIFT_VERSION = 3.0;
			};
			name = Debug;
		};
		F40E94331DF40BEF00FFE1B4 /* Release */ = {
			isa = XCBuildConfiguration;
			buildSettings = {
				ASSETCATALOG_COMPILER_APPICON_NAME = AppIcon;
				DEVELOPMENT_TEAM = MNM2TM9G7C;
				INFOPLIST_FILE = SegmentedControl/Info.plist;
				LD_RUNPATH_SEARCH_PATHS = "$(inherited) @executable_path/Frameworks";
				PRODUCT_BUNDLE_IDENTIFIER = by.ivanvorobei.SegmentedControl;
				PRODUCT_NAME = "$(TARGET_NAME)";
				SWIFT_VERSION = 3.0;
			};
			name = Release;
		};
/* End XCBuildConfiguration section */

/* Begin XCConfigurationList section */
		F40E941A1DF40BEF00FFE1B4 /* Build configuration list for PBXProject "SegmentedControl" */ = {
			isa = XCConfigurationList;
			buildConfigurations = (
				F40E942F1DF40BEF00FFE1B4 /* Debug */,
				F40E94301DF40BEF00FFE1B4 /* Release */,
			);
			defaultConfigurationIsVisible = 0;
			defaultConfigurationName = Release;
		};
		F40E94311DF40BEF00FFE1B4 /* Build configuration list for PBXNativeTarget "SegmentedControl" */ = {
			isa = XCConfigurationList;
			buildConfigurations = (
				F40E94321DF40BEF00FFE1B4 /* Debug */,
				F40E94331DF40BEF00FFE1B4 /* Release */,
			);
			defaultConfigurationIsVisible = 0;
			defaultConfigurationName = Release;
		};
/* End XCConfigurationList section */
	};
	rootObject = F40E94171DF40BEF00FFE1B4 /* Project object */;
}
